<Project xmlns="http://schemas.microsoft.com/developer/msbuild/2003">
    <PropertyGroup>
        <ProjectGuid>{CB5BF32C-D2FE-44B6-80D9-6B2EC8E5C1B5}</ProjectGuid>
        <ProjectVersion>18.0</ProjectVersion>
        <FrameworkType>None</FrameworkType>
        <Base>True</Base>
        <Config Condition="'$(Config)'==''">Debug</Config>
        <Platform Condition="'$(Platform)'==''">Win32</Platform>
        <TargetedPlatforms>1</TargetedPlatforms>
        <AppType>Console</AppType>
        <MainSource>james.tests.gui.delphi.dpr</MainSource>
    </PropertyGroup>
    <PropertyGroup Condition="'$(Config)'=='Base' or '$(Base)'!=''">
        <Base>true</Base>
    </PropertyGroup>
    <PropertyGroup Condition="('$(Platform)'=='OSX32' and '$(Base)'=='true') or '$(Base_OSX32)'!=''">
        <Base_OSX32>true</Base_OSX32>
        <CfgParent>Base</CfgParent>
        <Base>true</Base>
    </PropertyGroup>
    <PropertyGroup Condition="('$(Platform)'=='Win32' and '$(Base)'=='true') or '$(Base_Win32)'!=''">
        <Base_Win32>true</Base_Win32>
        <CfgParent>Base</CfgParent>
        <Base>true</Base>
    </PropertyGroup>
    <PropertyGroup Condition="('$(Platform)'=='Win64' and '$(Base)'=='true') or '$(Base_Win64)'!=''">
        <Base_Win64>true</Base_Win64>
        <CfgParent>Base</CfgParent>
        <Base>true</Base>
    </PropertyGroup>
    <PropertyGroup Condition="'$(Config)'=='Debug' or '$(Cfg_1)'!=''">
        <Cfg_1>true</Cfg_1>
        <CfgParent>Base</CfgParent>
        <Base>true</Base>
    </PropertyGroup>
    <PropertyGroup Condition="('$(Platform)'=='Win32' and '$(Cfg_1)'=='true') or '$(Cfg_1_Win32)'!=''">
        <Cfg_1_Win32>true</Cfg_1_Win32>
        <CfgParent>Cfg_1</CfgParent>
        <Cfg_1>true</Cfg_1>
        <Base>true</Base>
    </PropertyGroup>
    <PropertyGroup Condition="'$(Config)'=='Release' or '$(Cfg_2)'!=''">
        <Cfg_2>true</Cfg_2>
        <CfgParent>Base</CfgParent>
        <Base>true</Base>
    </PropertyGroup>
    <PropertyGroup Condition="'$(Base)'!=''">
        <SanitizedProjectName>james_tests_gui_delphi</SanitizedProjectName>
        <DCC_Define>_CONSOLE_TESTRUNNER;$(DCC_Define)</DCC_Define>
        <DCC_Namespace>System;Xml;Data;Datasnap;Web;Soap;Vcl;Vcl.Imaging;Vcl.Touch;Vcl.Samples;Vcl.Shell;$(DCC_Namespace)</DCC_Namespace>
        <DCC_UnitSearchPath>$(BDS)\Source\DUnit\src;$(DCC_UnitSearchPath)</DCC_UnitSearchPath>
        <DCC_DcuOutput>.</DCC_DcuOutput>
        <DCC_ExeOutput>.\$(Platform)\$(Config)</DCC_ExeOutput>
        <DCC_E>false</DCC_E>
        <DCC_N>false</DCC_N>
        <DCC_S>false</DCC_S>
        <DCC_F>false</DCC_F>
        <DCC_K>false</DCC_K>
    </PropertyGroup>
    <PropertyGroup Condition="'$(Base_OSX32)'!=''">
        <DCC_UsePackage>DBXSqliteDriver;tethering;FireDACMSSQLDriver;Spring.Data;FireDACDBXDriver;RESTBackendComponents;bindengine;CloudService;FireDACMySQLDriver;DataSnapClient;bindcompdbx;IndyIPServer;IndySystem;fmxFireDAC;FireDACTDataDriver;FMXTee;soaprtl;DbxCommonDriver;xmlrtl;soapmidas;DataSnapNativeClient;fmxobj;rtl;DbxClientDriver;DBXSybaseASADriver;IndyIPClient;FireDACODBCDriver;DataSnapIndy10ServerTransport;DataSnapProviderClient;FireDACMongoDBDriver;DataSnapServerMidas;RESTComponents;DBXInterBaseDriver;emsclientfiredac;DataSnapFireDAC;bindcompfmx;DBXOracleDriver;inetdb;FmxTeeUI;FireDACIBDriver;fmx;fmxdae;dbexpress;IndyCore;dsnap;DataSnapCommon;emsclient;FireDACCommon;soapserver;FireDACOracleDriver;DBXMySQLDriver;DBXFirebirdDriver;FireDACCommonDriver;inet;IndyIPCommon;FireDAC;FireDACSqliteDriver;FireDACPgDriver;FireDACASADriver;DataSnapServer;FireDACDSDriver;CustomIPTransport;bindcomp;DBXInformixDriver;dbxcds;dsnapxml;dbrtl;inetdbxpress;IndyProtocols;fmxase;$(DCC_UsePackage)</DCC_UsePackage>
    </PropertyGroup>
    <PropertyGroup Condition="'$(Base_Win32)'!=''">
        <DCC_BplOutput>..\bin</DCC_BplOutput>
        <BRCC_OutputDir>..\bin</BRCC_OutputDir>
        <DCC_DcuOutput>..\bin\$(Platform)\$(Config)</DCC_DcuOutput>
        <DCC_ExeOutput>..\bin</DCC_ExeOutput>
        <Manifest_File>None</Manifest_File>
        <DCC_Namespace>Winapi;System.Win;Data.Win;Datasnap.Win;Web.Win;Soap.Win;Xml.Win;Bde;$(DCC_Namespace)</DCC_Namespace>
        <DCC_UsePackage>DBXSqliteDriver;DBXDb2Driver;dxCoreRS23;vclactnband;dxPSdxLCLnkRS23;vclFireDAC;dxPSLnksRS23;tethering;cxDataRS23;dxPSdxOCLnkRS23;dxTabbedMDIRS23;FireDACADSDriver;dxSkinBlackRS23;dxSkinLondonLiquidSkyRS23;JvPluginSystem;dxDBXServerModeRS23;dxHttpIndyRequestRS23;dclRBDBE1723;dxPScxGridLnkRS23;FireDACMSSQLDriver;cxSchedulerRS23;vcltouch;JvBands;vcldb;rbDB1723;svn;JvJans;dxPScxCommonRS23;dxWizardControlRS23;dxSkinMcSkinRS23;Spring.Data;dxSkinOffice2007BlueRS23;dxBarRS23;cxSchedulerRibbonStyleEventEditorRS23;dxSkinOffice2013WhiteRS23;JvDotNetCtrls;crcontrols230;dxPSTeeChartRS23;cxLibraryRS23;dxSkinVisualStudio2013LightRS23;cxPivotGridChartRS23;rbDBE1723;dxSkinSummer2008RS23;dxPSdxDBOCLnkRS23;dxGDIPlusRS23;dxSkinDarkSideRS23;FireDACDBXDriver;dxSkinSevenRS23;dxSkinFoggyRS23;vclx;rbCIDE1723;dxSkinOffice2010SilverRS23;dxdborRS23;RESTBackendComponents;dxLayoutControlRS23;dxPSPrVwRibbonRS23;VCLRESTComponents;dxSkinDevExpressStyleRS23;dxSkinWhiteprintRS23;vclie;bindengine;CloudService;rbRAP1723;JvHMI;FireDACMySQLDriver;dxSkinOffice2013DarkGrayRS23;DataSnapClient;dxPScxPCProdRS23;bindcompdbx;DBXSybaseASEDriver;IndyIPServer;dxSkinPumpkinRS23;IndySystem;dsnapcon;cxTreeListdxBarPopupMenuRS23;VirtualTreesR;FireDACMSAccDriver;fmxFireDAC;FireDACInfxDriver;vclimg;dxSkinLilianRS23;Jcl;rbADO1723;dxBarDBNavRS23;dxFlowChartRS23;dxSkinOffice2016ColorfulRS23;rbUSER1723;DBXOdbcDriver;FireDACTDataDriver;FMXTee;soaprtl;DbxCommonDriver;unidac230;dxSpreadSheetRS23;JvManagedThreads;dxPSdxSpreadSheetLnkRS23;dxSkinOffice2007PinkRS23;xmlrtl;soapmidas;DataSnapNativeClient;fmxobj;JvTimeFramework;dxSkinSevenClassicRS23;rtl;dxSkinTheAsphaltWorldRS23;DbxClientDriver;dxSkinDevExpressDarkStyleRS23;DBXSybaseASADriver;dxNavBarRS23;dxSkinHighContrastRS23;dxSkinMetropolisDarkRS23;JvSystem;rbUSERDesign1723;JvStdCtrls;dxRichEditControlRS23;appanalytics;cxPivotGridRS23;dxPScxVGridLnkRS23;IndyIPClient;rbDIDE1723;dxRibbonRS23;bindcompvcl;dxPScxTLLnkRS23;dxSkinOffice2007SilverRS23;dxSkinsdxDLPainterRS23;dxMapControlRS23;TeeUI;EntityDac;JvDocking;JvPascalInterpreter;VclSmp;dxPScxSchedulerLnkRS23;cxTreeListRS23;FireDACODBCDriver;JclVcl;DataSnapIndy10ServerTransport;dxRibbonCustomizationFormRS23;dxPSRichEditControlLnkRS23;dxBarExtDBItemsRS23;DataSnapProviderClient;FireDACMongoDBDriver;dxSkiniMaginaryRS23;JvControls;dxSpellCheckerRS23;JvPrintPreview;dxSkinsdxBarPainterRS23;dxSkinCoffeeRS23;DataSnapServerMidas;RESTComponents;ZComponent;DBXInterBaseDriver;rbRTL1723;ZCore;dxADOServerModeRS23;emsclientfiredac;DataSnapFireDAC;svnui;JvGlobus;dxmdsRS23;dxdbtrRS23;dxPSDBTeeChartRS23;dxSkinSpringTimeRS23;dxSkinLiquidSkyRS23;dxPSCoreRS23;dxSkinscxPCPainterRS23;DBXMSSQLDriver;rbDAD1723;JvMM;dxSkinXmas2008BlueRS23;DatasnapConnectorsFreePascal;bindcompfmx;JvNet;DBXOracleDriver;dxSkinSilverRS23;dxSkinValentineRS23;inetdb;JvAppFrm;dac230;rbTC1723;FmxTeeUI;dxBarExtItemsRS23;FireDACIBDriver;fmx;fmxdae;dxServerModeRS23;dxPsPrVwAdvRS23;dxSkinOffice2010BlackRS23;JvWizards;cxPageControlRS23;dxSkinStardustRS23;cxSchedulerGridRS23;dbexpress;IndyCore;dxSkinSharpPlusRS23;ZParseSql;JvPageComps;dsnap;DataSnapCommon;emsclient;FireDACCommon;dxSkinOffice2010BlueRS23;JvDB;dxSkinVS2010RS23;dxSkinMetropolisRS23;DataSnapConnectors;TMSCloudPkgDEDXE10;cxVerticalGridRS23;soapserver;dxSkinCaramelRS23;dxTileControlRS23;JclDeveloperTools;cxGridRS23;FireDACOracleDriver;DBXMySQLDriver;JvCmp;rbFireDAC1723;DBXFirebirdDriver;unidacfmx230;FireDACCommonDriver;rbTCUI1723;inet;IndyIPCommon;JvCustom;dxSkinDarkRoomRS23;dxDockingRS23;vcl;dxSkinOffice2007GreenRS23;JvXPCtrls;dxPScxExtCommonRS23;dxSkinsCoreRS23;FireDACDb2Driver;dxThemeRS23;rbRest1723;dxSkinVisualStudio2013BlueRS23;dxSkinsdxRibbonPainterRS23;dacfmx230;dxSkinMoneyTwinsRS23;dxPSdxFCLnkRS23;ZDbc;TeeDB;FireDAC;dxtrmdRS23;dacvcl230;JvCore;cxSchedulerTreeBrowserRS23;dxFireDACServerModeRS23;dxSkinBlueRS23;JvCrypt;FireDACSqliteDriver;FireDACPgDriver;FireDACASADriver;cxEditorsRS23;dxSkinGlassOceansRS23;TMSCloudPkgDXE10;rbIDE1723;JvDlgs;JvRuntimeDesign;dxGaugeControlRS23;dxSkinsdxNavBarPainterRS23;Tee;cxPivotGridOLAPRS23;DataSnapServer;dxSkinSharpRS23;vclwinx;FireDACDSDriver;dxSkinBlueprintRS23;dxSkinOffice2007BlackRS23;CustomIPTransport;vcldsnap;rbBDE1723;dxSkinOffice2013LightGrayRS23;bindcomp;ZPlain;DBXInformixDriver;dxPSdxGaugeControlLnkRS23;unidacvcl230;SynEdit_R;dxPScxPivotGridLnkRS23;dxorgcRS23;dclRBADO1723;dxPSdxDBTVLnkRS23;vclribbon;dbxcds;adortl;dclRBFireDAC1723;dclRBE1723;dxComnRS23;dsnapxml;dbrtl;inetdbxpress;IndyProtocols;cxExportRS23;dxSkinOffice2016DarkRS23;rbRCL1723;JclContainers;dxSkinVisualStudio2013DarkRS23;dxSkinscxSchedulerPainterRS23;rbRIDE1723;fmxase;$(DCC_UsePackage)</DCC_UsePackage>
        <VerInfo_Locale>1033</VerInfo_Locale>
        <VerInfo_Keys>CompanyName=;FileDescription=;FileVersion=1.0.0.0;InternalName=;LegalCopyright=;LegalTrademarks=;OriginalFilename=;ProductName=;ProductVersion=1.0.0.0;Comments=</VerInfo_Keys>
    </PropertyGroup>
    <PropertyGroup Condition="'$(Base_Win64)'!=''">
        <DCC_UsePackage>DBXSqliteDriver;DBXDb2Driver;dxCoreRS23;vclactnband;dxPSdxLCLnkRS23;vclFireDAC;dxPSLnksRS23;tethering;cxDataRS23;dxPSdxOCLnkRS23;dxTabbedMDIRS23;FireDACADSDriver;dxSkinBlackRS23;dxSkinLondonLiquidSkyRS23;dxDBXServerModeRS23;dxHttpIndyRequestRS23;dxPScxGridLnkRS23;FireDACMSSQLDriver;cxSchedulerRS23;vcltouch;vcldb;dxPScxCommonRS23;dxWizardControlRS23;dxSkinMcSkinRS23;Spring.Data;dxSkinOffice2007BlueRS23;dxBarRS23;cxSchedulerRibbonStyleEventEditorRS23;dxSkinOffice2013WhiteRS23;dxPSTeeChartRS23;cxLibraryRS23;dxSkinVisualStudio2013LightRS23;cxPivotGridChartRS23;dxSkinSummer2008RS23;dxPSdxDBOCLnkRS23;dxGDIPlusRS23;dxSkinDarkSideRS23;FireDACDBXDriver;dxSkinSevenRS23;dxSkinFoggyRS23;vclx;dxSkinOffice2010SilverRS23;dxdborRS23;RESTBackendComponents;dxLayoutControlRS23;dxPSPrVwRibbonRS23;VCLRESTComponents;dxSkinDevExpressStyleRS23;dxSkinWhiteprintRS23;vclie;bindengine;CloudService;FireDACMySQLDriver;dxSkinOffice2013DarkGrayRS23;DataSnapClient;dxPScxPCProdRS23;bindcompdbx;DBXSybaseASEDriver;IndyIPServer;dxSkinPumpkinRS23;IndySystem;dsnapcon;cxTreeListdxBarPopupMenuRS23;VirtualTreesR;FireDACMSAccDriver;fmxFireDAC;FireDACInfxDriver;vclimg;dxSkinLilianRS23;dxBarDBNavRS23;dxFlowChartRS23;dxSkinOffice2016ColorfulRS23;DBXOdbcDriver;FireDACTDataDriver;FMXTee;soaprtl;DbxCommonDriver;dxSpreadSheetRS23;dxPSdxSpreadSheetLnkRS23;dxSkinOffice2007PinkRS23;xmlrtl;soapmidas;DataSnapNativeClient;fmxobj;dxSkinSevenClassicRS23;rtl;dxSkinTheAsphaltWorldRS23;DbxClientDriver;dxSkinDevExpressDarkStyleRS23;DBXSybaseASADriver;dxNavBarRS23;dxSkinHighContrastRS23;dxSkinMetropolisDarkRS23;dxRichEditControlRS23;appanalytics;cxPivotGridRS23;dxPScxVGridLnkRS23;IndyIPClient;dxRibbonRS23;bindcompvcl;dxPScxTLLnkRS23;dxSkinOffice2007SilverRS23;dxSkinsdxDLPainterRS23;dxMapControlRS23;TeeUI;VclSmp;dxPScxSchedulerLnkRS23;cxTreeListRS23;FireDACODBCDriver;DataSnapIndy10ServerTransport;dxRibbonCustomizationFormRS23;dxPSRichEditControlLnkRS23;dxBarExtDBItemsRS23;DataSnapProviderClient;FireDACMongoDBDriver;dxSkiniMaginaryRS23;dxSpellCheckerRS23;dxSkinsdxBarPainterRS23;dxSkinCoffeeRS23;DataSnapServerMidas;RESTComponents;ZComponent;DBXInterBaseDriver;ZCore;dxADOServerModeRS23;emsclientfiredac;DataSnapFireDAC;dxmdsRS23;dxdbtrRS23;dxPSDBTeeChartRS23;dxSkinSpringTimeRS23;dxSkinLiquidSkyRS23;dxPSCoreRS23;dxSkinscxPCPainterRS23;DBXMSSQLDriver;dxSkinXmas2008BlueRS23;DatasnapConnectorsFreePascal;bindcompfmx;DBXOracleDriver;dxSkinSilverRS23;dxSkinValentineRS23;inetdb;FmxTeeUI;dxBarExtItemsRS23;FireDACIBDriver;fmx;fmxdae;dxServerModeRS23;dxPsPrVwAdvRS23;dxSkinOffice2010BlackRS23;cxPageControlRS23;dxSkinStardustRS23;cxSchedulerGridRS23;dbexpress;IndyCore;dxSkinSharpPlusRS23;ZParseSql;dsnap;DataSnapCommon;emsclient;FireDACCommon;dxSkinOffice2010BlueRS23;dxSkinVS2010RS23;dxSkinMetropolisRS23;DataSnapConnectors;cxVerticalGridRS23;soapserver;dxSkinCaramelRS23;dxTileControlRS23;cxGridRS23;FireDACOracleDriver;DBXMySQLDriver;DBXFirebirdDriver;FireDACCommonDriver;inet;IndyIPCommon;dxSkinDarkRoomRS23;dxDockingRS23;vcl;dxSkinOffice2007GreenRS23;dxPScxExtCommonRS23;dxSkinsCoreRS23;FireDACDb2Driver;dxThemeRS23;dxSkinVisualStudio2013BlueRS23;dxSkinsdxRibbonPainterRS23;dxSkinMoneyTwinsRS23;dxPSdxFCLnkRS23;ZDbc;TeeDB;FireDAC;dxtrmdRS23;cxSchedulerTreeBrowserRS23;dxFireDACServerModeRS23;dxSkinBlueRS23;FireDACSqliteDriver;FireDACPgDriver;FireDACASADriver;cxEditorsRS23;dxSkinGlassOceansRS23;dxGaugeControlRS23;dxSkinsdxNavBarPainterRS23;Tee;cxPivotGridOLAPRS23;DataSnapServer;dxSkinSharpRS23;vclwinx;FireDACDSDriver;dxSkinBlueprintRS23;dxSkinOffice2007BlackRS23;CustomIPTransport;vcldsnap;dxSkinOffice2013LightGrayRS23;bindcomp;ZPlain;DBXInformixDriver;dxPSdxGaugeControlLnkRS23;SynEdit_R;dxPScxPivotGridLnkRS23;dxorgcRS23;dxPSdxDBTVLnkRS23;vclribbon;dbxcds;adortl;dxComnRS23;dsnapxml;dbrtl;inetdbxpress;IndyProtocols;cxExportRS23;dxSkinOffice2016DarkRS23;dxSkinVisualStudio2013DarkRS23;dxSkinscxSchedulerPainterRS23;fmxase;$(DCC_UsePackage)</DCC_UsePackage>
    </PropertyGroup>
    <PropertyGroup Condition="'$(Cfg_1)'!=''">
        <DCC_Define>DEBUG;$(DCC_Define)</DCC_Define>
        <DCC_DebugDCUs>true</DCC_DebugDCUs>
        <DCC_Optimize>false</DCC_Optimize>
        <DCC_GenerateStackFrames>true</DCC_GenerateStackFrames>
        <DCC_DebugInfoInExe>true</DCC_DebugInfoInExe>
        <DCC_RemoteDebug>true</DCC_RemoteDebug>
    </PropertyGroup>
    <PropertyGroup Condition="'$(Cfg_1_Win32)'!=''">
        <DCC_BplOutput>..\bin</DCC_BplOutput>
        <BRCC_OutputDir>..\bin</BRCC_OutputDir>
        <DCC_ExeOutput>..\bin</DCC_ExeOutput>
        <VerInfo_Locale>1033</VerInfo_Locale>
        <DCC_RemoteDebug>false</DCC_RemoteDebug>
    </PropertyGroup>
    <PropertyGroup Condition="'$(Cfg_2)'!=''">
        <DCC_LocalDebugSymbols>false</DCC_LocalDebugSymbols>
        <DCC_Define>RELEASE;$(DCC_Define)</DCC_Define>
        <DCC_SymbolReferenceInfo>0</DCC_SymbolReferenceInfo>
        <DCC_DebugInformation>0</DCC_DebugInformation>
    </PropertyGroup>
    <ItemGroup>
        <DelphiCompile Include="$(MainSource)">
            <MainSource>MainSource</MainSource>
        </DelphiCompile>
        <DCCReference Include="james.crypto.md5.tests.pas"/>
        <DCCReference Include="..\src\james.crypto.md5.clss.pas"/>
        <DCCReference Include="..\src\james.data.pas"/>
        <DCCReference Include="..\src\james.data.clss.pas"/>
        <DCCReference Include="..\src\james.crypto.md5.delphi.pas"/>
        <DCCReference Include="james.data.constraints.tests.pas"/>
        <DCCReference Include="..\src\james.data.constraints.clss.pas"/>
        <DCCReference Include="..\src\james.data.constraints.pas"/>
        <DCCReference Include="james.data.stream.tests.pas"/>
        <DCCReference Include="..\src\james.data.stream.clss.pas"/>
        <DCCReference Include="..\src\james.format.xml.clss.pas"/>
        <DCCReference Include="..\src\james.io.clss.pas"/>
        <DCCReference Include="..\src\james.io.pas"/>
        <DCCReference Include="james.tests.clss.pas"/>
        <DCCReference Include="james.data.tests.pas"/>
        <DCCReference Include="james.format.base64.tests.pas"/>
        <DCCReference Include="..\src\james.format.base64.clss.pas"/>
        <DCCReference Include="james.format.xml.tests.pas"/>
        <DCCReference Include="james.functions.tests.pas"/>
        <DCCReference Include="..\src\james.functions.clss.pas"/>
        <DCCReference Include="..\src\james.functions.pas"/>
        <DCCReference Include="james.io.tests.pas"/>
        <BuildConfiguration Include="Release">
            <Key>Cfg_2</Key>
            <CfgParent>Base</CfgParent>
        </BuildConfiguration>
        <BuildConfiguration Include="Base">
            <Key>Base</Key>
        </BuildConfiguration>
        <BuildConfiguration Include="Debug">
            <Key>Cfg_1</Key>
            <CfgParent>Base</CfgParent>
        </BuildConfiguration>
    </ItemGroup>
    <ProjectExtensions>
        <Borland.Personality>Delphi.Personality.12</Borland.Personality>
        <Borland.ProjectType>Application</Borland.ProjectType>
        <BorlandProject>
            <Delphi.Personality>
                <Source>
                    <Source Name="MainSource">james.tests.gui.delphi.dpr</Source>
                </Source>
                <Excluded_Packages>
                    <Excluded_Packages Name="$(BDSBIN)\dcloffice2k230.bpl">Microsoft Office 2000 Sample Automation Server Wrapper Components</Excluded_Packages>
                    <Excluded_Packages Name="$(BDSBIN)\dclofficexp230.bpl">Microsoft Office XP Sample Automation Server Wrapper Components</Excluded_Packages>
                </Excluded_Packages>
            </Delphi.Personality>
            <Deployment Version="2">
                <DeployFile LocalName="..\bin\james.tests.gui.delphi.exe" Configuration="Debug" Class="ProjectOutput">
                    <Platform Name="Win32">
                        <RemoteName>james_tests_gui_delphi.exe</RemoteName>
                        <Overwrite>true</Overwrite>
                    </Platform>
                </DeployFile>
                <DeployFile LocalName="$(BDS)\Redist\osx32\libcgunwind.1.0.dylib" Class="DependencyModule">
                    <Platform Name="OSX32">
                        <Overwrite>true</Overwrite>
                    </Platform>
                </DeployFile>
                <DeployFile LocalName="$(BDS)\Redist\iossimulator\libcgunwind.1.0.dylib" Class="DependencyModule">
                    <Platform Name="iOSSimulator">
                        <Overwrite>true</Overwrite>
                    </Platform>
                </DeployFile>
                <DeployFile LocalName="$(BDS)\Redist\iossimulator\libPCRE.dylib" Class="DependencyModule">
                    <Platform Name="iOSSimulator">
                        <Overwrite>true</Overwrite>
                    </Platform>
                </DeployFile>
                <DeployClass Name="ProjectiOSDeviceResourceRules">
                    <Platform Name="iOSDevice64">
                        <Operation>1</Operation>
                    </Platform>
                    <Platform Name="iOSDevice32">
                        <Operation>1</Operation>
                    </Platform>
                </DeployClass>
                <DeployClass Name="ProjectOSXResource">
                    <Platform Name="OSX32">
                        <RemoteDir>Contents\Resources</RemoteDir>
                        <Operation>1</Operation>
                    </Platform>
                </DeployClass>
                <DeployClass Name="AndroidClassesDexFile">
                    <Platform Name="Android">
                        <RemoteDir>classes</RemoteDir>
                        <Operation>1</Operation>
                    </Platform>
                </DeployClass>
                <DeployClass Name="AdditionalDebugSymbols">
                    <Platform Name="Win32">
                        <RemoteDir>Contents\MacOS</RemoteDir>
                        <Operation>0</Operation>
                    </Platform>
                    <Platform Name="iOSSimulator">
                        <Operation>1</Operation>
                    </Platform>
                    <Platform Name="OSX32">
                        <RemoteDir>Contents\MacOS</RemoteDir>
                        <Operation>1</Operation>
                    </Platform>
                </DeployClass>
                <DeployClass Name="iPad_Launch768">
                    <Platform Name="iOSSimulator">
                        <Operation>1</Operation>
                    </Platform>
                    <Platform Name="iOSDevice64">
                        <Operation>1</Operation>
                    </Platform>
                    <Platform Name="iOSDevice32">
                        <Operation>1</Operation>
                    </Platform>
                </DeployClass>
                <DeployClass Name="Android_LauncherIcon144">
                    <Platform Name="Android">
                        <RemoteDir>res\drawable-xxhdpi</RemoteDir>
                        <Operation>1</Operation>
                    </Platform>
                </DeployClass>
                <DeployClass Name="AndroidLibnativeMipsFile">
                    <Platform Name="Android">
                        <RemoteDir>library\lib\mips</RemoteDir>
                        <Operation>1</Operation>
                    </Platform>
                </DeployClass>
                <DeployClass Required="true" Name="ProjectOutput">
                    <Platform Name="Win32">
                        <Operation>0</Operation>
                    </Platform>
                    <Platform Name="iOSDevice64">
                        <Operation>1</Operation>
                    </Platform>
                    <Platform Name="OSX32">
                        <RemoteDir>Contents\MacOS</RemoteDir>
                        <Operation>1</Operation>
                    </Platform>
                    <Platform Name="iOSDevice32">
                        <Operation>1</Operation>
                    </Platform>
                    <Platform Name="Android">
                        <RemoteDir>library\lib\armeabi-v7a</RemoteDir>
                        <Operation>1</Operation>
                    </Platform>
                    <Platform Name="iOSSimulator">
                        <Operation>1</Operation>
                    </Platform>
                </DeployClass>
                <DeployClass Name="DependencyFramework">
                    <Platform Name="Win32">
                        <Operation>0</Operation>
                    </Platform>
                    <Platform Name="OSX32">
                        <RemoteDir>Contents\MacOS</RemoteDir>
                        <Operation>1</Operation>
                        <Extensions>.framework</Extensions>
                    </Platform>
                </DeployClass>
                <DeployClass Name="iPhone_Launch640">
                    <Platform Name="iOSSimulator">
                        <Operation>1</Operation>
                    </Platform>
                    <Platform Name="iOSDevice64">
                        <Operation>1</Operation>
                    </Platform>
                    <Platform Name="iOSDevice32">
                        <Operation>1</Operation>
                    </Platform>
                </DeployClass>
                <DeployClass Name="iPad_Launch1024">
                    <Platform Name="iOSSimulator">
                        <Operation>1</Operation>
                    </Platform>
                    <Platform Name="iOSDevice64">
                        <Operation>1</Operation>
                    </Platform>
                    <Platform Name="iOSDevice32">
                        <Operation>1</Operation>
                    </Platform>
                </DeployClass>
                <DeployClass Name="ProjectiOSDeviceDebug">
                    <Platform Name="iOSDevice64">
                        <RemoteDir>..\$(PROJECTNAME).app.dSYM\Contents\Resources\DWARF</RemoteDir>
                        <Operation>1</Operation>
                    </Platform>
                    <Platform Name="iOSDevice32">
                        <RemoteDir>..\$(PROJECTNAME).app.dSYM\Contents\Resources\DWARF</RemoteDir>
                        <Operation>1</Operation>
                    </Platform>
                </DeployClass>
                <DeployClass Name="AndroidLibnativeX86File">
                    <Platform Name="Android">
                        <RemoteDir>library\lib\x86</RemoteDir>
                        <Operation>1</Operation>
                    </Platform>
                </DeployClass>
                <DeployClass Name="iPhone_Launch320">
                    <Platform Name="iOSSimulator">
                        <Operation>1</Operation>
                    </Platform>
                    <Platform Name="iOSDevice64">
                        <Operation>1</Operation>
                    </Platform>
                    <Platform Name="iOSDevice32">
                        <Operation>1</Operation>
                    </Platform>
                </DeployClass>
                <DeployClass Name="ProjectiOSInfoPList">
                    <Platform Name="iOSSimulator">
                        <Operation>1</Operation>
                    </Platform>
                    <Platform Name="iOSDevice64">
                        <Operation>1</Operation>
                    </Platform>
                    <Platform Name="iOSDevice32">
                        <Operation>1</Operation>
                    </Platform>
                </DeployClass>
                <DeployClass Name="AndroidLibnativeArmeabiFile">
                    <Platform Name="Android">
                        <RemoteDir>library\lib\armeabi</RemoteDir>
                        <Operation>1</Operation>
                    </Platform>
                </DeployClass>
                <DeployClass Name="DebugSymbols">
                    <Platform Name="Win32">
                        <Operation>0</Operation>
                    </Platform>
                    <Platform Name="iOSSimulator">
                        <Operation>1</Operation>
                    </Platform>
                    <Platform Name="OSX32">
                        <RemoteDir>Contents\MacOS</RemoteDir>
                        <Operation>1</Operation>
                    </Platform>
                </DeployClass>
                <DeployClass Name="iPad_Launch1536">
                    <Platform Name="iOSSimulator">
                        <Operation>1</Operation>
                    </Platform>
                    <Platform Name="iOSDevice64">
                        <Operation>1</Operation>
                    </Platform>
                    <Platform Name="iOSDevice32">
                        <Operation>1</Operation>
                    </Platform>
                </DeployClass>
                <DeployClass Name="Android_SplashImage470">
                    <Platform Name="Android">
                        <RemoteDir>res\drawable-normal</RemoteDir>
                        <Operation>1</Operation>
                    </Platform>
                </DeployClass>
                <DeployClass Name="Android_LauncherIcon96">
                    <Platform Name="Android">
                        <RemoteDir>res\drawable-xhdpi</RemoteDir>
                        <Operation>1</Operation>
                    </Platform>
                </DeployClass>
                <DeployClass Name="Android_SplashImage640">
                    <Platform Name="Android">
                        <RemoteDir>res\drawable-large</RemoteDir>
                        <Operation>1</Operation>
                    </Platform>
                </DeployClass>
                <DeployClass Name="iPhone_Launch640x1136">
                    <Platform Name="iOSSimulator">
                        <Operation>1</Operation>
                    </Platform>
                    <Platform Name="iOSDevice64">
                        <Operation>1</Operation>
                    </Platform>
                    <Platform Name="iOSDevice32">
                        <Operation>1</Operation>
                    </Platform>
                </DeployClass>
                <DeployClass Name="ProjectiOSEntitlements">
                    <Platform Name="iOSDevice64">
                        <RemoteDir>../</RemoteDir>
                        <Operation>1</Operation>
                    </Platform>
                    <Platform Name="iOSDevice32">
                        <RemoteDir>../</RemoteDir>
                        <Operation>1</Operation>
                    </Platform>
                </DeployClass>
                <DeployClass Name="Android_LauncherIcon72">
                    <Platform Name="Android">
                        <RemoteDir>res\drawable-hdpi</RemoteDir>
                        <Operation>1</Operation>
                    </Platform>
                </DeployClass>
                <DeployClass Name="AndroidGDBServer">
                    <Platform Name="Android">
                        <RemoteDir>library\lib\armeabi-v7a</RemoteDir>
                        <Operation>1</Operation>
                    </Platform>
                </DeployClass>
                <DeployClass Name="ProjectOSXInfoPList">
                    <Platform Name="OSX32">
                        <RemoteDir>Contents</RemoteDir>
                        <Operation>1</Operation>
                    </Platform>
                </DeployClass>
                <DeployClass Name="ProjectOSXEntitlements">
                    <Platform Name="OSX32">
                        <RemoteDir>../</RemoteDir>
                        <Operation>1</Operation>
                    </Platform>
                </DeployClass>
                <DeployClass Name="iPad_Launch2048">
                    <Platform Name="iOSSimulator">
                        <Operation>1</Operation>
                    </Platform>
                    <Platform Name="iOSDevice64">
                        <Operation>1</Operation>
                    </Platform>
                    <Platform Name="iOSDevice32">
                        <Operation>1</Operation>
                    </Platform>
                </DeployClass>
                <DeployClass Name="AndroidSplashStyles">
                    <Platform Name="Android">
                        <RemoteDir>res\values</RemoteDir>
                        <Operation>1</Operation>
                    </Platform>
                </DeployClass>
                <DeployClass Name="Android_SplashImage426">
                    <Platform Name="Android">
                        <RemoteDir>res\drawable-small</RemoteDir>
                        <Operation>1</Operation>
                    </Platform>
                </DeployClass>
                <DeployClass Name="AndroidSplashImageDef">
                    <Platform Name="Android">
                        <RemoteDir>res\drawable</RemoteDir>
                        <Operation>1</Operation>
                    </Platform>
                </DeployClass>
                <DeployClass Name="ProjectiOSResource">
                    <Platform Name="iOSSimulator">
                        <Operation>1</Operation>
                    </Platform>
                    <Platform Name="iOSDevice64">
                        <Operation>1</Operation>
                    </Platform>
                    <Platform Name="iOSDevice32">
                        <Operation>1</Operation>
                    </Platform>
                </DeployClass>
                <DeployClass Name="ProjectAndroidManifest">
                    <Platform Name="Android">
                        <Operation>1</Operation>
                    </Platform>
                </DeployClass>
                <DeployClass Name="Android_DefaultAppIcon">
                    <Platform Name="Android">
                        <RemoteDir>res\drawable</RemoteDir>
                        <Operation>1</Operation>
                    </Platform>
                </DeployClass>
                <DeployClass Name="File">
                    <Platform Name="Win32">
                        <Operation>0</Operation>
                    </Platform>
                    <Platform Name="iOSDevice64">
                        <Operation>0</Operation>
                    </Platform>
                    <Platform Name="OSX32">
                        <RemoteDir>Contents\Resources\StartUp\</RemoteDir>
                        <Operation>0</Operation>
                    </Platform>
                    <Platform Name="iOSDevice32">
                        <Operation>0</Operation>
                    </Platform>
                    <Platform Name="Android">
                        <Operation>0</Operation>
                    </Platform>
                    <Platform Name="iOSSimulator">
                        <Operation>0</Operation>
                    </Platform>
                </DeployClass>
                <DeployClass Name="AndroidServiceOutput">
                    <Platform Name="Android">
                        <RemoteDir>library\lib\armeabi-v7a</RemoteDir>
                        <Operation>1</Operation>
                    </Platform>
                </DeployClass>
                <DeployClass Required="true" Name="DependencyPackage">
                    <Platform Name="Win32">
                        <Operation>0</Operation>
                        <Extensions>.bpl</Extensions>
                    </Platform>
                    <Platform Name="iOSDevice64">
                        <Operation>1</Operation>
                        <Extensions>.dylib</Extensions>
                    </Platform>
                    <Platform Name="OSX32">
                        <RemoteDir>Contents\MacOS</RemoteDir>
                        <Operation>1</Operation>
                        <Extensions>.dylib</Extensions>
                    </Platform>
                    <Platform Name="iOSDevice32">
                        <Operation>1</Operation>
                        <Extensions>.dylib</Extensions>
                    </Platform>
                    <Platform Name="iOSSimulator">
                        <Operation>1</Operation>
                        <Extensions>.dylib</Extensions>
                    </Platform>
                </DeployClass>
                <DeployClass Name="Android_LauncherIcon48">
                    <Platform Name="Android">
                        <RemoteDir>res\drawable-mdpi</RemoteDir>
                        <Operation>1</Operation>
                    </Platform>
                </DeployClass>
                <DeployClass Name="Android_SplashImage960">
                    <Platform Name="Android">
                        <RemoteDir>res\drawable-xlarge</RemoteDir>
                        <Operation>1</Operation>
                    </Platform>
                </DeployClass>
                <DeployClass Name="Android_LauncherIcon36">
                    <Platform Name="Android">
                        <RemoteDir>res\drawable-ldpi</RemoteDir>
                        <Operation>1</Operation>
                    </Platform>
                </DeployClass>
                <DeployClass Name="DependencyModule">
                    <Platform Name="Win32">
                        <Operation>0</Operation>
                        <Extensions>.dll;.bpl</Extensions>
                    </Platform>
                    <Platform Name="iOSDevice64">
                        <Operation>1</Operation>
                        <Extensions>.dylib</Extensions>
                    </Platform>
                    <Platform Name="OSX32">
                        <RemoteDir>Contents\MacOS</RemoteDir>
                        <Operation>1</Operation>
                        <Extensions>.dylib</Extensions>
                    </Platform>
                    <Platform Name="iOSDevice32">
                        <Operation>1</Operation>
                        <Extensions>.dylib</Extensions>
                    </Platform>
                    <Platform Name="iOSSimulator">
                        <Operation>1</Operation>
                        <Extensions>.dylib</Extensions>
                    </Platform>
                </DeployClass>
                <ProjectRoot Platform="iOSDevice64" Name="$(PROJECTNAME).app"/>
                <ProjectRoot Platform="Win64" Name="$(PROJECTNAME)"/>
                <ProjectRoot Platform="iOSDevice32" Name="$(PROJECTNAME).app"/>
                <ProjectRoot Platform="Win32" Name="$(PROJECTNAME)"/>
                <ProjectRoot Platform="OSX32" Name="$(PROJECTNAME).app"/>
                <ProjectRoot Platform="Android" Name="$(PROJECTNAME)"/>
                <ProjectRoot Platform="iOSSimulator" Name="$(PROJECTNAME).app"/>
            </Deployment>
            <Platforms>
                <Platform value="OSX32">False</Platform>
                <Platform value="Win32">True</Platform>
                <Platform value="Win64">False</Platform>
            </Platforms>
            <UnitTesting>
                <TestFramework>DUnit / Delphi Win32</TestFramework>
                <TestRunner>GUI</TestRunner>
                <SourceProjectName>E:\Users\nunopicado\Documents\Embarcadero\Studio\Projects\jamesTest.dproj</SourceProjectName>
                <TestProjectName/>
            </UnitTesting>
        </BorlandProject>
        <ProjectFileVersion>12</ProjectFileVersion>
    </ProjectExtensions>
    <Import Project="$(BDS)\Bin\CodeGear.Delphi.Targets" Condition="Exists('$(BDS)\Bin\CodeGear.Delphi.Targets')"/>
    <Import Project="$(APPDATA)\Embarcadero\$(BDSAPPDATABASEDIR)\$(PRODUCTVERSION)\UserTools.proj" Condition="Exists('$(APPDATA)\Embarcadero\$(BDSAPPDATABASEDIR)\$(PRODUCTVERSION)\UserTools.proj')"/>
    <Import Project="$(MSBuildProjectName).deployproj" Condition="Exists('$(MSBuildProjectName).deployproj')"/>
</Project>
